
Microsoft Visual Studio Solution File, Format Version 12.00
# Visual Studio Version 16
VisualStudioVersion = 16.0.31729.503
MinimumVisualStudioVersion = 10.0.40219.1
Project("{888888A0-9F3D-457C-B088-3A5042F75D52}") = "Python3", "Python3.pyproj", "{E58216DB-4ADB-4FC1-B57F-CCEB72F2D124}"
EndProject
Global
	GlobalSection(SolutionConfigurationPlatforms) = preSolution
		Debug|Any CPU = Debug|Any CPU
		Release|Any CPU = Release|Any CPU
	EndGlobalSection
	GlobalSection(ProjectConfigurationPlatforms) = postSolution
		{E58216DB-4ADB-4FC1-B57F-CCEB72F2D124}.Debug|Any CPU.ActiveCfg = Debug|Any CPU
		{E58216DB-4ADB-4FC1-B57F-CCEB72F2D124}.Release|Any CPU.ActiveCfg = Release|Any CPU
	EndGlobalSection
	GlobalSection(SolutionProperties) = preSolution
		HideSolutionNode = FALSE
	EndGlobalSection
	GlobalSection(ExtensibilityGlobals) = postSolution
		SolutionGuid = {4BA57C45-54D9-4484-8521-2548556841EA}
	EndGlobalSection
EndGlobal
